# THIS IS AN AUTOGENERATED FILE. DO NOT EDIT THIS FILE DIRECTLY.
# yarn lockfile v1


bootstrap-datepicker@^1.7.0:
  version "1.7.0"
  resolved "https://registry.yarnpkg.com/bootstrap-datepicker/-/bootstrap-datepicker-1.7.0.tgz#d639be3fcade88bc9e6f16ef7e227e50580b7668"

bootstrap@3.3.5:
  version "3.3.5"
  resolved "https://registry.yarnpkg.com/bootstrap/-/bootstrap-3.3.5.tgz#1777ab79299b128d87dce7cbd86fdc46ac69c0b1"

font-awesome@^4.7.0:
  version "4.7.0"
  resolved "https://registry.yarnpkg.com/font-awesome/-/font-awesome-4.7.0.tgz#8fa8cf0411a1a31afd07b06d2902bb9fc815a133"

jquery@1.11.3:
  version "1.11.3"
  resolved "https://registry.yarnpkg.com/jquery/-/jquery-1.11.3.tgz#dd8b74278b27102d29df63eae28308a8cfa1b583"
